
Microsoft Visual Studio Solution File, Format Version 12.00
# Visual Studio Version 16
VisualStudioVersion = 16.0.31025.194
MinimumVisualStudioVersion = 10.0.40219.1
Project("{2150E333-8FDC-42A3-9474-1A3956D46DE8}") = "1. Capa de Negocio", "1. Capa de Negocio", "{8C5DDD06-A2FF-4ECE-BA4C-94812A5F987C}"
EndProject
Project("{2150E333-8FDC-42A3-9474-1A3956D46DE8}") = "2. Capa de Entidades", "2. Capa de Entidades", "{CCCCDE99-1382-406D-BCF5-A045BC256E74}"
EndProject
Project("{2150E333-8FDC-42A3-9474-1A3956D46DE8}") = "3. Capa de Datos", "3. Capa de Datos", "{7EFD0A94-2B0F-4106-AE0D-5E073072D8BD}"
EndProject
Project("{FAE04EC0-301F-11D3-BF4B-00C04F79EFBC}") = "CapaNegocio", "CapaNegocio\CapaNegocio.csproj", "{E32CBE2E-7B27-4E42-829E-C9BA829F42D7}"
EndProject
Project("{FAE04EC0-301F-11D3-BF4B-00C04F79EFBC}") = "CapaEntidades", "CapaEntidades\CapaEntidades.csproj", "{890F4C23-C419-452F-86EB-81A4C210E5F6}"
EndProject
Project("{2150E333-8FDC-42A3-9474-1A3956D46DE8}") = "4. Capa Presentacion", "4. Capa Presentacion", "{9EAAD281-4B00-42EF-9CF0-15016C9B9D53}"
EndProject
Project("{FAE04EC0-301F-11D3-BF4B-00C04F79EFBC}") = "FrmUtiles", "FrmProcesos\FrmUtiles.csproj", "{9AE97551-179C-4EF3-B979-0721524C422B}"
EndProject
Project("{FAE04EC0-301F-11D3-BF4B-00C04F79EFBC}") = "CapaDatos", "CapaDatos\CapaDatos.csproj", "{9CA92E2B-EC9C-42C3-8544-9671061B2035}"
EndProject
Project("{FAE04EC0-301F-11D3-BF4B-00C04F79EFBC}") = "Balanza_Batch", "ServBalanzaBatch\Balanza_Batch\Balanza_Batch.csproj", "{C335E1BA-C1EF-4A01-B503-60520446F2C8}"
EndProject
Project("{FAE04EC0-301F-11D3-BF4B-00C04F79EFBC}") = "FrmBatch", "FrmBatch\FrmBatch.csproj", "{B745D9AD-9C95-41FF-AA68-68C8B028AA52}"
EndProject
Project("{FAE04EC0-301F-11D3-BF4B-00C04F79EFBC}") = "MovilUtiles", "MovilUtiles\MovilUtiles.csproj", "{6CCC7AE9-1F5C-4A9C-9BBC-76E3119338D9}"
EndProject
Global
	GlobalSection(SolutionConfigurationPlatforms) = preSolution
		Debug|Any CPU = Debug|Any CPU
		Debug|x86 = Debug|x86
		Release|Any CPU = Release|Any CPU
		Release|x86 = Release|x86
	EndGlobalSection
	GlobalSection(ProjectConfigurationPlatforms) = postSolution
		{E32CBE2E-7B27-4E42-829E-C9BA829F42D7}.Debug|Any CPU.ActiveCfg = Debug|Any CPU
		{E32CBE2E-7B27-4E42-829E-C9BA829F42D7}.Debug|Any CPU.Build.0 = Debug|Any CPU
		{E32CBE2E-7B27-4E42-829E-C9BA829F42D7}.Debug|x86.ActiveCfg = Debug|x86
		{E32CBE2E-7B27-4E42-829E-C9BA829F42D7}.Debug|x86.Build.0 = Debug|x86
		{E32CBE2E-7B27-4E42-829E-C9BA829F42D7}.Release|Any CPU.ActiveCfg = Release|Any CPU
		{E32CBE2E-7B27-4E42-829E-C9BA829F42D7}.Release|Any CPU.Build.0 = Release|Any CPU
		{E32CBE2E-7B27-4E42-829E-C9BA829F42D7}.Release|x86.ActiveCfg = Release|x86
		{E32CBE2E-7B27-4E42-829E-C9BA829F42D7}.Release|x86.Build.0 = Release|x86
		{890F4C23-C419-452F-86EB-81A4C210E5F6}.Debug|Any CPU.ActiveCfg = Debug|Any CPU
		{890F4C23-C419-452F-86EB-81A4C210E5F6}.Debug|Any CPU.Build.0 = Debug|Any CPU
		{890F4C23-C419-452F-86EB-81A4C210E5F6}.Debug|x86.ActiveCfg = Debug|x86
		{890F4C23-C419-452F-86EB-81A4C210E5F6}.Debug|x86.Build.0 = Debug|x86
		{890F4C23-C419-452F-86EB-81A4C210E5F6}.Release|Any CPU.ActiveCfg = Release|Any CPU
		{890F4C23-C419-452F-86EB-81A4C210E5F6}.Release|Any CPU.Build.0 = Release|Any CPU
		{890F4C23-C419-452F-86EB-81A4C210E5F6}.Release|x86.ActiveCfg = Release|x86
		{890F4C23-C419-452F-86EB-81A4C210E5F6}.Release|x86.Build.0 = Release|x86
		{9AE97551-179C-4EF3-B979-0721524C422B}.Debug|Any CPU.ActiveCfg = Debug|Any CPU
		{9AE97551-179C-4EF3-B979-0721524C422B}.Debug|Any CPU.Build.0 = Debug|Any CPU
		{9AE97551-179C-4EF3-B979-0721524C422B}.Debug|x86.ActiveCfg = Debug|x86
		{9AE97551-179C-4EF3-B979-0721524C422B}.Debug|x86.Build.0 = Debug|x86
		{9AE97551-179C-4EF3-B979-0721524C422B}.Release|Any CPU.ActiveCfg = Release|Any CPU
		{9AE97551-179C-4EF3-B979-0721524C422B}.Release|Any CPU.Build.0 = Release|Any CPU
		{9AE97551-179C-4EF3-B979-0721524C422B}.Release|x86.ActiveCfg = Release|x86
		{9AE97551-179C-4EF3-B979-0721524C422B}.Release|x86.Build.0 = Release|x86
		{9CA92E2B-EC9C-42C3-8544-9671061B2035}.Debug|Any CPU.ActiveCfg = Debug|Any CPU
		{9CA92E2B-EC9C-42C3-8544-9671061B2035}.Debug|Any CPU.Build.0 = Debug|Any CPU
		{9CA92E2B-EC9C-42C3-8544-9671061B2035}.Debug|x86.ActiveCfg = Debug|Any CPU
		{9CA92E2B-EC9C-42C3-8544-9671061B2035}.Debug|x86.Build.0 = Debug|Any CPU
		{9CA92E2B-EC9C-42C3-8544-9671061B2035}.Release|Any CPU.ActiveCfg = Release|Any CPU
		{9CA92E2B-EC9C-42C3-8544-9671061B2035}.Release|Any CPU.Build.0 = Release|Any CPU
		{9CA92E2B-EC9C-42C3-8544-9671061B2035}.Release|x86.ActiveCfg = Release|Any CPU
		{9CA92E2B-EC9C-42C3-8544-9671061B2035}.Release|x86.Build.0 = Release|Any CPU
		{C335E1BA-C1EF-4A01-B503-60520446F2C8}.Debug|Any CPU.ActiveCfg = Debug|Any CPU
		{C335E1BA-C1EF-4A01-B503-60520446F2C8}.Debug|Any CPU.Build.0 = Debug|Any CPU
		{C335E1BA-C1EF-4A01-B503-60520446F2C8}.Debug|x86.ActiveCfg = Debug|Any CPU
		{C335E1BA-C1EF-4A01-B503-60520446F2C8}.Debug|x86.Build.0 = Debug|Any CPU
		{C335E1BA-C1EF-4A01-B503-60520446F2C8}.Release|Any CPU.ActiveCfg = Release|Any CPU
		{C335E1BA-C1EF-4A01-B503-60520446F2C8}.Release|Any CPU.Build.0 = Release|Any CPU
		{C335E1BA-C1EF-4A01-B503-60520446F2C8}.Release|x86.ActiveCfg = Release|Any CPU
		{C335E1BA-C1EF-4A01-B503-60520446F2C8}.Release|x86.Build.0 = Release|Any CPU
		{B745D9AD-9C95-41FF-AA68-68C8B028AA52}.Debug|Any CPU.ActiveCfg = Debug|Any CPU
		{B745D9AD-9C95-41FF-AA68-68C8B028AA52}.Debug|Any CPU.Build.0 = Debug|Any CPU
		{B745D9AD-9C95-41FF-AA68-68C8B028AA52}.Debug|x86.ActiveCfg = Debug|Any CPU
		{B745D9AD-9C95-41FF-AA68-68C8B028AA52}.Debug|x86.Build.0 = Debug|Any CPU
		{B745D9AD-9C95-41FF-AA68-68C8B028AA52}.Release|Any CPU.ActiveCfg = Release|Any CPU
		{B745D9AD-9C95-41FF-AA68-68C8B028AA52}.Release|Any CPU.Build.0 = Release|Any CPU
		{B745D9AD-9C95-41FF-AA68-68C8B028AA52}.Release|x86.ActiveCfg = Release|Any CPU
		{B745D9AD-9C95-41FF-AA68-68C8B028AA52}.Release|x86.Build.0 = Release|Any CPU
		{6CCC7AE9-1F5C-4A9C-9BBC-76E3119338D9}.Debug|Any CPU.ActiveCfg = Debug|Any CPU
		{6CCC7AE9-1F5C-4A9C-9BBC-76E3119338D9}.Debug|Any CPU.Build.0 = Debug|Any CPU
		{6CCC7AE9-1F5C-4A9C-9BBC-76E3119338D9}.Debug|x86.ActiveCfg = Debug|Any CPU
		{6CCC7AE9-1F5C-4A9C-9BBC-76E3119338D9}.Debug|x86.Build.0 = Debug|Any CPU
		{6CCC7AE9-1F5C-4A9C-9BBC-76E3119338D9}.Release|Any CPU.ActiveCfg = Release|Any CPU
		{6CCC7AE9-1F5C-4A9C-9BBC-76E3119338D9}.Release|Any CPU.Build.0 = Release|Any CPU
		{6CCC7AE9-1F5C-4A9C-9BBC-76E3119338D9}.Release|x86.ActiveCfg = Release|Any CPU
		{6CCC7AE9-1F5C-4A9C-9BBC-76E3119338D9}.Release|x86.Build.0 = Release|Any CPU
	EndGlobalSection
	GlobalSection(SolutionProperties) = preSolution
		HideSolutionNode = FALSE
	EndGlobalSection
	GlobalSection(NestedProjects) = preSolution
		{E32CBE2E-7B27-4E42-829E-C9BA829F42D7} = {8C5DDD06-A2FF-4ECE-BA4C-94812A5F987C}
		{890F4C23-C419-452F-86EB-81A4C210E5F6} = {CCCCDE99-1382-406D-BCF5-A045BC256E74}
		{9AE97551-179C-4EF3-B979-0721524C422B} = {9EAAD281-4B00-42EF-9CF0-15016C9B9D53}
		{9CA92E2B-EC9C-42C3-8544-9671061B2035} = {7EFD0A94-2B0F-4106-AE0D-5E073072D8BD}
		{C335E1BA-C1EF-4A01-B503-60520446F2C8} = {9EAAD281-4B00-42EF-9CF0-15016C9B9D53}
		{B745D9AD-9C95-41FF-AA68-68C8B028AA52} = {9EAAD281-4B00-42EF-9CF0-15016C9B9D53}
		{6CCC7AE9-1F5C-4A9C-9BBC-76E3119338D9} = {9EAAD281-4B00-42EF-9CF0-15016C9B9D53}
	EndGlobalSection
	GlobalSection(ExtensibilityGlobals) = postSolution
		SolutionGuid = {0DF269C5-C877-4A47-B850-7AFFE4CAC47F}
	EndGlobalSection
EndGlobal
